
Microsoft Visual Studio Solution File, Format Version 12.00
# Visual Studio 15
VisualStudioVersion = 15.0.28307.1401
MinimumVisualStudioVersion = 10.0.40219.1
Project("{FAE04EC0-301F-11D3-BF4B-00C04F79EFBC}") = "LoginForm", "LoginForm\LoginForm.csproj", "{EFB55495-95B1-4C62-8B35-D84F625D6072}"
EndProject
Global
	GlobalSection(SolutionConfigurationPlatforms) = preSolution
		Debug|Any CPU = Debug|Any CPU
		Release|Any CPU = Release|Any CPU
	EndGlobalSection
	GlobalSection(ProjectConfigurationPlatforms) = postSolution
		{EFB55495-95B1-4C62-8B35-D84F625D6072}.Debug|Any CPU.ActiveCfg = Debug|Any CPU
		{EFB55495-95B1-4C62-8B35-D84F625D6072}.Debug|Any CPU.Build.0 = Debug|Any CPU
		{EFB55495-95B1-4C62-8B35-D84F625D6072}.Release|Any CPU.ActiveCfg = Release|Any CPU
		{EFB55495-95B1-4C62-8B35-D84F625D6072}.Release|Any CPU.Build.0 = Release|Any CPU
	EndGlobalSection
	GlobalSection(SolutionProperties) = preSolution
		HideSolutionNode = FALSE
	EndGlobalSection
	GlobalSection(ExtensibilityGlobals) = postSolution
		SolutionGuid = {1D4B02ED-D2B5-47EA-A5F8-2336B483D8CE}
	EndGlobalSection
EndGlobal
